// !$*UTF8*$!
{
	archiveVersion = 1;
	classes = {
	};
	objectVersion = 56;
	objects = {

/* Begin PBXBuildFile section */
		1D2E3F4A2C1234567890ABCD /* ClothingDetectorAppApp.swift in Sources */ = {isa = PBXBuildFile; fileRef = 1D2E3F492C1234567890ABCD /* ClothingDetectorAppApp.swift */; };
		1D2E3F4C2C1234567890ABCD /* ContentView.swift in Sources */ = {isa = PBXBuildFile; fileRef = 1D2E3F4B2C1234567890ABCD /* ContentView.swift */; };
		1D2E3F4E2C1234567890ABCD /* Assets.xcassets in Resources */ = {isa = PBXBuildFile; fileRef = 1D2E3F4D2C1234567890ABCD /* Assets.xcassets */; };
		1D2E3F512C1234567890ABCD /* Preview Assets.xcassets in Resources */ = {isa = PBXBuildFile; fileRef = 1D2E3F502C1234567890ABCD /* Preview Assets.xcassets */; };
		1D2E3F582C1234567890ABCD /* ClothingItem.swift in Sources */ = {isa = PBXBuildFile; fileRef = 1D2E3F572C1234567890ABCD /* ClothingItem.swift */; };
		1D2E3F5A2C1234567890ABCD /* ClothingDetector.swift in Sources */ = {isa = PBXBuildFile; fileRef = 1D2E3F592C1234567890ABCD /* ClothingDetector.swift */; };
		1D2E3F5C2C1234567890ABCD /* ClosetManager.swift in Sources */ = {isa = PBXBuildFile; fileRef = 1D2E3F5B2C1234567890ABCD /* ClosetManager.swift */; };
		1D2E3F5E2C1234567890ABCD /* CameraView.swift in Sources */ = {isa = PBXBuildFile; fileRef = 1D2E3F5D2C1234567890ABCD /* CameraView.swift */; };
		1D2E3F602C1234567890ABCD /* ClosetView.swift in Sources */ = {isa = PBXBuildFile; fileRef = 1D2E3F5F2C1234567890ABCD /* ClosetView.swift */; };
		1D2E3F622C1234567890ABCD /* ImagePicker.swift in Sources */ = {isa = PBXBuildFile; fileRef = 1D2E3F612C1234567890ABCD /* ImagePicker.swift */; };
		3611F016E0804B25AC140722 /* DualImageCaptureView.swift in Sources */ = {isa = PBXBuildFile; fileRef = A8F915E0E04C47148F3EAE18 /* DualImageCaptureView.swift */; };
		951D9611117E47F299594D36 /* ImageEditingView.swift in Sources */ = {isa = PBXBuildFile; fileRef = 3B30CB50322E4BF4AA6AADBE /* ImageEditingView.swift */; };
		C0CF5531B18746F39D3DEDBF /* SettingsView.swift in Sources */ = {isa = PBXBuildFile; fileRef = 127F0BA9FCC74C15804ED395 /* SettingsView.swift */; };
/* End PBXBuildFile section */

/* Begin PBXFileReference section */
		1D2E3F462C1234567890ABCD /* ClothingDetectorApp.app */ = {isa = PBXFileReference; explicitFileType = wrapper.application; includeInIndex = 0; path = ClothingDetectorApp.app; sourceTree = BUILT_PRODUCTS_DIR; };
		1D2E3F492C1234567890ABCD /* ClothingDetectorAppApp.swift */ = {isa = PBXFileReference; lastKnownFileType = sourcecode.swift; path = ClothingDetectorAppApp.swift; sourceTree = "<group>"; };
		1D2E3F4B2C1234567890ABCD /* ContentView.swift */ = {isa = PBXFileReference; lastKnownFileType = sourcecode.swift; path = ContentView.swift; sourceTree = "<group>"; };
		1D2E3F4D2C1234567890ABCD /* Assets.xcassets */ = {isa = PBXFileReference; lastKnownFileType = folder.assetcatalog; path = Assets.xcassets; sourceTree = "<group>"; };
		1D2E3F502C1234567890ABCD /* Preview Assets.xcassets */ = {isa = PBXFileReference; lastKnownFileType = folder.assetcatalog; path = "Preview Assets.xcassets"; sourceTree = "<group>"; };
		1D2E3F572C1234567890ABCD /* ClothingItem.swift */ = {isa = PBXFileReference; lastKnownFileType = sourcecode.swift; path = ClothingItem.swift; sourceTree = "<group>"; };
		1D2E3F592C1234567890ABCD /* ClothingDetector.swift */ = {isa = PBXFileReference; lastKnownFileType = sourcecode.swift; path = ClothingDetector.swift; sourceTree = "<group>"; };
		1D2E3F5B2C1234567890ABCD /* ClosetManager.swift */ = {isa = PBXFileReference; lastKnownFileType = sourcecode.swift; path = ClosetManager.swift; sourceTree = "<group>"; };
		1D2E3F5D2C1234567890ABCD /* CameraView.swift */ = {isa = PBXFileReference; lastKnownFileType = sourcecode.swift; path = CameraView.swift; sourceTree = "<group>"; };
		1D2E3F5F2C1234567890ABCD /* ClosetView.swift */ = {isa = PBXFileReference; lastKnownFileType = sourcecode.swift; path = ClosetView.swift; sourceTree = "<group>"; };
		1D2E3F612C1234567890ABCD /* ImagePicker.swift */ = {isa = PBXFileReference; lastKnownFileType = sourcecode.swift; path = ImagePicker.swift; sourceTree = "<group>"; };
		A8F915E0E04C47148F3EAE18 /* DualImageCaptureView.swift */ = {isa = PBXFileReference; lastKnownFileType = sourcecode.swift; path = DualImageCaptureView.swift; sourceTree = "<group>"; };
		3B30CB50322E4BF4AA6AADBE /* ImageEditingView.swift */ = {isa = PBXFileReference; lastKnownFileType = sourcecode.swift; path = ImageEditingView.swift; sourceTree = "<group>"; };
		127F0BA9FCC74C15804ED395 /* SettingsView.swift */ = {isa = PBXFileReference; lastKnownFileType = sourcecode.swift; path = SettingsView.swift; sourceTree = "<group>"; };
/* End PBXFileReference section */

/* Begin PBXFrameworksBuildPhase section */
		1D2E3F432C1234567890ABCD /* Frameworks */ = {
			isa = PBXFrameworksBuildPhase;
			buildActionMask = 2147483647;
			files = (
			);
			runOnlyForDeploymentPostprocessing = 0;
		};
/* End PBXFrameworksBuildPhase section */

/* Begin PBXGroup section */
		1D2E3F3D2C1234567890ABCD = {
			isa = PBXGroup;
			children = (
				1D2E3F482C1234567890ABCD /* ClothingDetectorApp */,
				1D2E3F472C1234567890ABCD /* Products */,
			);
			sourceTree = "<group>";
		};
		1D2E3F472C1234567890ABCD /* Products */ = {
			isa = PBXGroup;
			children = (
				1D2E3F462C1234567890ABCD /* ClothingDetectorApp.app */,
			);
			name = Products;
			sourceTree = "<group>";
		};
		1D2E3F482C1234567890ABCD /* ClothingDetectorApp */ = {
			isa = PBXGroup;
			children = (
				1D2E3F492C1234567890ABCD /* ClothingDetectorAppApp.swift */,
				1D2E3F4B2C1234567890ABCD /* ContentView.swift */,
				1D2E3F5D2C1234567890ABCD /* CameraView.swift */,
				1D2E3F5F2C1234567890ABCD /* ClosetView.swift */,
				1D2E3F612C1234567890ABCD /* ImagePicker.swift */,
				A8F915E0E04C47148F3EAE18 /* DualImageCaptureView.swift */,
				3B30CB50322E4BF4AA6AADBE /* ImageEditingView.swift */,
				127F0BA9FCC74C15804ED395 /* SettingsView.swift */,
				1D2E3F572C1234567890ABCD /* ClothingItem.swift */,
				1D2E3F592C1234567890ABCD /* ClothingDetector.swift */,
				1D2E3F5B2C1234567890ABCD /* ClosetManager.swift */,
				1D2E3F4D2C1234567890ABCD /* Assets.xcassets */,
				1D2E3F4F2C1234567890ABCD /* Preview Content */,
			);
			path = ClothingDetectorApp;
			sourceTree = "<group>";
		};
		1D2E3F4F2C1234567890ABCD /* Preview Content */ = {
			isa = PBXGroup;
			children = (
				1D2E3F502C1234567890ABCD /* Preview Assets.xcassets */,
			);
			path = "Preview Content";
			sourceTree = "<group>";
		};
/* End PBXGroup section */

/* Begin PBXNativeTarget section */
		1D2E3F452C1234567890ABCD /* ClothingDetectorApp */ = {
			isa = PBXNativeTarget;
			buildConfigurationList = 1D2E3F542C1234567890ABCD /* Build configuration list for PBXNativeTarget "ClothingDetectorApp" */;
			buildPhases = (
				1D2E3F422C1234567890ABCD /* Sources */,
				1D2E3F432C1234567890ABCD /* Frameworks */,
				1D2E3F442C1234567890ABCD /* Resources */,
			);
			buildRules = (
			);
			dependencies = (
			);
			name = ClothingDetectorApp;
			productName = ClothingDetectorApp;
			productReference = 1D2E3F462C1234567890ABCD /* ClothingDetectorApp.app */;
			productType = "com.apple.product-type.application";
		};
/* End PBXNativeTarget section */

/* Begin PBXProject section */
		1D2E3F3E2C1234567890ABCD /* Project object */ = {
			isa = PBXProject;
			attributes = {
				BuildIndependentTargetsInParallel = 1;
				LastSwiftUpdateCheck = 1540;
				LastUpgradeCheck = 1540;
				TargetAttributes = {
					1D2E3F452C1234567890ABCD = {
						CreatedOnToolsVersion = 15.4;
					};
				};
			};
			buildConfigurationList = 1D2E3F412C1234567890ABCD /* Build configuration list for PBXProject "ClothingDetectorApp" */;
			compatibilityVersion = "Xcode 14.0";
			developmentRegion = en;
			hasScannedForEncodings = 0;
			knownRegions = (
				en,
				Base,
			);
			mainGroup = 1D2E3F3D2C1234567890ABCD;
			productRefGroup = 1D2E3F472C1234567890ABCD /* Products */;
			projectDirPath = "";
			projectRoot = "";
			targets = (
				1D2E3F452C1234567890ABCD /* ClothingDetectorApp */,
			);
		};
/* End PBXProject section */

/* Begin PBXResourcesBuildPhase section */
		1D2E3F442C1234567890ABCD /* Resources */ = {
			isa = PBXResourcesBuildPhase;
			buildActionMask = 2147483647;
			files = (
				1D2E3F512C1234567890ABCD /* Preview Assets.xcassets in Resources */,
				1D2E3F4E2C1234567890ABCD /* Assets.xcassets in Resources */,
			);
			runOnlyForDeploymentPostprocessing = 0;
		};
/* End PBXResourcesBuildPhase section */

/* Begin PBXSourcesBuildPhase section */
		1D2E3F422C1234567890ABCD /* Sources */ = {
			isa = PBXSourcesBuildPhase;
			buildActionMask = 2147483647;
			files = (
				1D2E3F4C2C1234567890ABCD /* ContentView.swift in Sources */,
				1D2E3F582C1234567890ABCD /* ClothingItem.swift in Sources */,
				1D2E3F5A2C1234567890ABCD /* ClothingDetector.swift in Sources */,
				1D2E3F5C2C1234567890ABCD /* ClosetManager.swift in Sources */,
				1D2E3F5E2C1234567890ABCD /* CameraView.swift in Sources */,
				1D2E3F602C1234567890ABCD /* ClosetView.swift in Sources */,
				1D2E3F622C1234567890ABCD /* ImagePicker.swift in Sources */,
				3611F016E0804B25AC140722 /* DualImageCaptureView.swift in Sources */,
				951D9611117E47F299594D36 /* ImageEditingView.swift in Sources */,
				C0CF5531B18746F39D3DEDBF /* SettingsView.swift in Sources */,
				1D2E3F4A2C1234567890ABCD /* ClothingDetectorAppApp.swift in Sources */,
			);
			runOnlyForDeploymentPostprocessing = 0;
		};
/* End PBXSourcesBuildPhase section */

/* Begin XCBuildConfiguration section */
		1D2E3F522C1234567890ABCD /* Debug */ = {
			isa = XCBuildConfiguration;
			buildSettings = {
				ALWAYS_SEARCH_USER_PATHS = NO;
				ASSETCATALOG_COMPILER_GENERATE_SWIFT_ASSET_SYMBOL_EXTENSIONS = YES;
				CLANG_ANALYZER_NONNULL = YES;
				CLANG_ANALYZER_NUMBER_OBJECT_CONVERSION = YES_AGGRESSIVE;
				CLANG_CXX_LANGUAGE_STANDARD = "gnu++20";
				CLANG_ENABLE_MODULES = YES;
				CLANG_ENABLE_OBJC_ARC = YES;
				CLANG_ENABLE_OBJC_WEAK = YES;
				CLANG_WARN_BLOCK_CAPTURE_AUTORELEASING = YES;
				CLANG_WARN_BOOL_CONVERSION = YES;
				CLANG_WARN_COMMA = YES;
				CLANG_WARN_CONSTANT_CONVERSION = YES;
				CLANG_WARN_DEPRECATED_OBJC_IMPLEMENTATIONS = YES;
				CLANG_WARN_DIRECT_OBJC_ISA_USAGE = YES_ERROR;
				CLANG_WARN_DOCUMENTATION_COMMENTS = YES;
				CLANG_WARN_EMPTY_BODY = YES;
				CLANG_WARN_ENUM_CONVERSION = YES;
				CLANG_WARN_INFINITE_RECURSION = YES;
				CLANG_WARN_INT_CONVERSION = YES;
				CLANG_WARN_NON_LITERAL_NULL_CONVERSION = YES;
				CLANG_WARN_OBJC_IMPLICIT_RETAIN_SELF = YES;
				CLANG_WARN_OBJC_LITERAL_CONVERSION = YES;
				CLANG_WARN_OBJC_ROOT_CLASS = YES_ERROR;
				CLANG_WARN_QUOTED_INCLUDE_IN_FRAMEWORK_HEADER = YES;
				CLANG_WARN_RANGE_LOOP_ANALYSIS = YES;
				CLANG_WARN_STRICT_PROTOTYPES = YES;
				CLANG_WARN_SUSPICIOUS_MOVE = YES;
				CLANG_WARN_UNGUARDED_AVAILABILITY = YES_AGGRESSIVE;
				CLANG_WARN_UNREACHABLE_CODE = YES;
				CLANG_WARN__DUPLICATE_METHOD_MATCH = YES;
				COPY_PHASE_STRIP = NO;
				DEBUG_INFORMATION_FORMAT = dwarf;
				ENABLE_STRICT_OBJC_MSGSEND = YES;
				ENABLE_TESTABILITY = YES;
				ENABLE_USER_SCRIPT_SANDBOXING = YES;
				GCC_C_LANGUAGE_STANDARD = gnu17;
				GCC_DYNAMIC_NO_PIC = NO;
				GCC_NO_COMMON_BLOCKS = YES;
				GCC_OPTIMIZATION_LEVEL = 0;
				GCC_PREPROCESSOR_DEFINITIONS = (
					"DEBUG=1",
					"$(inherited)",
				);
				GCC_WARN_64_TO_32_BIT_CONVERSION = YES;
				GCC_WARN_ABOUT_RETURN_TYPE = YES_ERROR;
				GCC_WARN_UNDECLARED_SELECTOR = YES;
				GCC_WARN_UNINITIALIZED_AUTOS = YES_AGGRESSIVE;
				GCC_WARN_UNUSED_FUNCTION = YES;
				GCC_WARN_UNUSED_VARIABLE = YES;
				IPHONEOS_DEPLOYMENT_TARGET = 17.5;
				LOCALIZATION_PREFERS_STRING_CATALOGS = YES;
				MTL_ENABLE_DEBUG_INFO = INCLUDE_SOURCE;
				MTL_FAST_MATH = YES;
				ONLY_ACTIVE_ARCH = YES;
				SDKROOT = iphoneos;
				SWIFT_ACTIVE_COMPILATION_CONDITIONS = "DEBUG $(inherited)";
				SWIFT_OPTIMIZATION_LEVEL = "-Onone";
			};
			name = Debug;
		};
		1D2E3F532C1234567890ABCD /* Release */ = {
			isa = XCBuildConfiguration;
			buildSettings = {
				ALWAYS_SEARCH_USER_PATHS = NO;
				ASSETCATALOG_COMPILER_GENERATE_SWIFT_ASSET_SYMBOL_EXTENSIONS = YES;
				CLANG_ANALYZER_NONNULL = YES;
				CLANG_ANALYZER_NUMBER_OBJECT_CONVERSION = YES_AGGRESSIVE;
				CLANG_CXX_LANGUAGE_STANDARD = "gnu++20";
				CLANG_ENABLE_MODULES = YES;
				CLANG_ENABLE_OBJC_ARC = YES;
				CLANG_ENABLE_OBJC_WEAK = YES;
				CLANG_WARN_BLOCK_CAPTURE_AUTORELEASING = YES;
				CLANG_WARN_BOOL_CONVERSION = YES;
				CLANG_WARN_COMMA = YES;
				CLANG_WARN_CONSTANT_CONVERSION = YES;
				CLANG_WARN_DEPRECATED_OBJC_IMPLEMENTATIONS = YES;
				CLANG_WARN_DIRECT_OBJC_ISA_USAGE = YES_ERROR;
				CLANG_WARN_DOCUMENTATION_COMMENTS = YES;
				CLANG_WARN_EMPTY_BODY = YES;
				CLANG_WARN_ENUM_CONVERSION = YES;
				CLANG_WARN_INFINITE_RECURSION = YES;
				CLANG_WARN_INT_CONVERSION = YES;
				CLANG_WARN_NON_LITERAL_NULL_CONVERSION = YES;
				CLANG_WARN_OBJC_IMPLICIT_RETAIN_SELF = YES;
				CLANG_WARN_OBJC_LITERAL_CONVERSION = YES;
				CLANG_WARN_OBJC_ROOT_CLASS = YES_ERROR;
				CLANG_WARN_QUOTED_INCLUDE_IN_FRAMEWORK_HEADER = YES;
				CLANG_WARN_RANGE_LOOP_ANALYSIS = YES;
				CLANG_WARN_STRICT_PROTOTYPES = YES;
				CLANG_WARN_SUSPICIOUS_MOVE = YES;
				CLANG_WARN_UNGUARDED_AVAILABILITY = YES_AGGRESSIVE;
				CLANG_WARN_UNREACHABLE_CODE = YES;
				CLANG_WARN__DUPLICATE_METHOD_MATCH = YES;
				COPY_PHASE_STRIP = NO;
				DEBUG_INFORMATION_FORMAT = "dwarf-with-dsym";
				ENABLE_NS_ASSERTIONS = NO;
				ENABLE_STRICT_OBJC_MSGSEND = YES;
				ENABLE_USER_SCRIPT_SANDBOXING = YES;
				GCC_C_LANGUAGE_STANDARD = gnu17;
				GCC_NO_COMMON_BLOCKS = YES;
				GCC_WARN_64_TO_32_BIT_CONVERSION = YES;
				GCC_WARN_ABOUT_RETURN_TYPE = YES_ERROR;
				GCC_WARN_UNDECLARED_SELECTOR = YES;
				GCC_WARN_UNINITIALIZED_AUTOS = YES_AGGRESSIVE;
				GCC_WARN_UNUSED_FUNCTION = YES;
				GCC_WARN_UNUSED_VARIABLE = YES;
				IPHONEOS_DEPLOYMENT_TARGET = 17.5;
				LOCALIZATION_PREFERS_STRING_CATALOGS = YES;
				MTL_ENABLE_DEBUG_INFO = NO;
				MTL_FAST_MATH = YES;
				SDKROOT = iphoneos;
				SWIFT_COMPILATION_MODE = wholemodule;
				VALIDATE_PRODUCT = YES;
			};
			name = Release;
		};
		1D2E3F552C1234567890ABCD /* Debug */ = {
			isa = XCBuildConfiguration;
			buildSettings = {
				ASSETCATALOG_COMPILER_APPICON_NAME = AppIcon;
				ASSETCATALOG_COMPILER_GLOBAL_ACCENT_COLOR_NAME = AccentColor;
				CODE_SIGN_STYLE = Automatic;
				CURRENT_PROJECT_VERSION = 1;
				DEVELOPMENT_ASSET_PATHS = "\"ClothingDetectorApp/Preview Content\"";
				ENABLE_PREVIEWS = YES;
				GENERATE_INFOPLIST_FILE = YES;
				INFOPLIST_KEY_LSApplicationCategoryType = "public.app-category.lifestyle";
				INFOPLIST_KEY_NSCameraUsageDescription = "This app needs camera access to take photos of clothing items.";
				INFOPLIST_KEY_UIApplicationSceneManifest_Generation = YES;
				INFOPLIST_KEY_UIApplicationSupportsIndirectInputEvents = YES;
				INFOPLIST_KEY_UILaunchScreen_Generation = YES;
				INFOPLIST_KEY_UISupportedInterfaceOrientations = UIInterfaceOrientationPortrait;
				LD_RUNPATH_SEARCH_PATHS = (
					"$(inherited)",
					"@executable_path/Frameworks",
				);
				MARKETING_VERSION = 1.0;
				PRODUCT_BUNDLE_IDENTIFIER = com.yourcompany.ClothingDetectorApp;
				PRODUCT_NAME = "$(TARGET_NAME)";
				SUPPORTED_PLATFORMS = "iphoneos iphonesimulator";
				SUPPORTS_MACCATALYST = NO;
				SUPPORTS_MAC_DESIGNED_FOR_IPHONE_IPAD = NO;
				SUPPORTS_XR_DESIGNED_FOR_IPHONE_IPAD = NO;
				SWIFT_EMIT_LOC_STRINGS = YES;
				SWIFT_VERSION = 5.0;
				TARGETED_DEVICE_FAMILY = "1,2";
			};
			name = Debug;
		};
		1D2E3F562C1234567890ABCD /* Release */ = {
			isa = XCBuildConfiguration;
			buildSettings = {
				ASSETCATALOG_COMPILER_APPICON_NAME = AppIcon;
				ASSETCATALOG_COMPILER_GLOBAL_ACCENT_COLOR_NAME = AccentColor;
				CODE_SIGN_STYLE = Automatic;
				CURRENT_PROJECT_VERSION = 1;
				DEVELOPMENT_ASSET_PATHS = "\"ClothingDetectorApp/Preview Content\"";
				ENABLE_PREVIEWS = YES;
				GENERATE_INFOPLIST_FILE = YES;
				INFOPLIST_KEY_LSApplicationCategoryType = "public.app-category.lifestyle";
				INFOPLIST_KEY_NSCameraUsageDescription = "This app needs camera access to take photos of clothing items.";
				INFOPLIST_KEY_UIApplicationSceneManifest_Generation = YES;
				INFOPLIST_KEY_UIApplicationSupportsIndirectInputEvents = YES;
				INFOPLIST_KEY_UILaunchScreen_Generation = YES;
				INFOPLIST_KEY_UISupportedInterfaceOrientations = UIInterfaceOrientationPortrait;
				LD_RUNPATH_SEARCH_PATHS = (
					"$(inherited)",
					"@executable_path/Frameworks",
				);
				MARKETING_VERSION = 1.0;
				PRODUCT_BUNDLE_IDENTIFIER = com.yourcompany.ClothingDetectorApp;
				PRODUCT_NAME = "$(TARGET_NAME)";
				SUPPORTED_PLATFORMS = "iphoneos iphonesimulator";
				SUPPORTS_MACCATALYST = NO;
				SUPPORTS_MAC_DESIGNED_FOR_IPHONE_IPAD = NO;
				SUPPORTS_XR_DESIGNED_FOR_IPHONE_IPAD = NO;
				SWIFT_EMIT_LOC_STRINGS = YES;
				SWIFT_VERSION = 5.0;
				TARGETED_DEVICE_FAMILY = "1,2";
			};
			name = Release;
		};
/* End XCBuildConfiguration section */

/* Begin XCConfigurationList section */
		1D2E3F412C1234567890ABCD /* Build configuration list for PBXProject "ClothingDetectorApp" */ = {
			isa = XCConfigurationList;
			buildConfigurations = (
				1D2E3F522C1234567890ABCD /* Debug */,
				1D2E3F532C1234567890ABCD /* Release */,
			);
			defaultConfigurationIsVisible = 0;
			defaultConfigurationName = Release;
		};
		1D2E3F542C1234567890ABCD /* Build configuration list for PBXNativeTarget "ClothingDetectorApp" */ = {
			isa = XCConfigurationList;
			buildConfigurations = (
				1D2E3F552C1234567890ABCD /* Debug */,
				1D2E3F562C1234567890ABCD /* Release */,
			);
			defaultConfigurationIsVisible = 0;
			defaultConfigurationName = Release;
		};
/* End XCConfigurationList section */
	};
	rootObject = 1D2E3F3E2C1234567890ABCD /* Project object */;
}
